{
  "nodes": {
    "agenix": {
      "inputs": {
        "nixpkgs": [
          "ragenix",
          "nixpkgs"
        ]
      },
      "locked": {
        "lastModified": 1665870395,
        "narHash": "sha256-Tsbqb27LDNxOoPLh0gw2hIb6L/6Ow/6lIBvqcHzEKBI=",
        "owner": "ryantm",
        "repo": "agenix",
        "rev": "a630400067c6d03c9b3e0455347dc8559db14288",
        "type": "github"
      },
      "original": {
        "owner": "ryantm",
        "repo": "agenix",
        "type": "github"
      }
    },
    "arcexprs": {
      "flake": false,
      "locked": {
        "lastModified": 1671574154,
        "narHash": "sha256-3d3KF0LTPSXTl8S14vV/8IWOSxUzm8fXSK2RbBJ4yxQ=",
        "owner": "arcnmx",
        "repo": "nixexprs",
        "rev": "08a680c787becec40bb773a34ff6f7075222f003",
        "type": "github"
      },
      "original": {
        "owner": "arcnmx",
        "repo": "nixexprs",
        "type": "github"
      }
    },
    "flake-compat": {
      "flake": false,
      "locked": {
        "lastModified": 1668681692,
        "narHash": "sha256-Ht91NGdewz8IQLtWZ9LCeNXMSXHUss+9COoqu6JLmXU=",
        "owner": "edolstra",
        "repo": "flake-compat",
        "rev": "009399224d5e398d03b22badca40a37ac85412a1",
        "type": "github"
      },
      "original": {
        "owner": "edolstra",
        "repo": "flake-compat",
        "type": "github"
      }
    },
    "flake-utils": {
      "locked": {
        "lastModified": 1667395993,
        "narHash": "sha256-nuEHfE/LcWyuSWnS8t12N1wc105Qtau+/OdUAjtQ0rA=",
        "owner": "numtide",
        "repo": "flake-utils",
        "rev": "5aed5285a952e0b949eb3ba02c12fa4fcfef535f",
        "type": "github"
      },
      "original": {
        "owner": "numtide",
        "repo": "flake-utils",
        "type": "github"
      }
    },
    "flake-utils_2": {
      "locked": {
        "lastModified": 1667395993,
        "narHash": "sha256-nuEHfE/LcWyuSWnS8t12N1wc105Qtau+/OdUAjtQ0rA=",
        "owner": "numtide",
        "repo": "flake-utils",
        "rev": "5aed5285a952e0b949eb3ba02c12fa4fcfef535f",
        "type": "github"
      },
      "original": {
        "owner": "numtide",
        "repo": "flake-utils",
        "type": "github"
      }
    },
    "flake-utils_3": {
      "locked": {
        "lastModified": 1667395993,
        "narHash": "sha256-nuEHfE/LcWyuSWnS8t12N1wc105Qtau+/OdUAjtQ0rA=",
        "owner": "numtide",
        "repo": "flake-utils",
        "rev": "5aed5285a952e0b949eb3ba02c12fa4fcfef535f",
        "type": "github"
      },
      "original": {
        "owner": "numtide",
        "repo": "flake-utils",
        "type": "github"
      }
    },
    "home-manager": {
      "inputs": {
        "nixpkgs": [
          "nixpkgs"
        ],
        "utils": "utils"
      },
      "locked": {
        "lastModified": 1673343300,
        "narHash": "sha256-5Xdj6kpXYMie0MlnGwqK5FaMdsedxvyuakWtyKB3zaQ=",
        "owner": "nix-community",
        "repo": "home-manager",
        "rev": "176e455371a8371586e8a3ff0d56ee9f3ca2324e",
        "type": "github"
      },
      "original": {
        "owner": "nix-community",
        "repo": "home-manager",
        "type": "github"
      }
    },
    "impermanence": {
      "locked": {
        "lastModified": 1668668915,
        "narHash": "sha256-QjY4ZZbs9shwO4LaLpvlU2bO9J1juYhO9NtV3nrbnYQ=",
        "owner": "nix-community",
        "repo": "impermanence",
        "rev": "5df9108b346f8a42021bf99e50de89c9caa251c3",
        "type": "github"
      },
      "original": {
        "owner": "nix-community",
        "repo": "impermanence",
        "type": "github"
      }
    },
    "kw-nixfiles": {
      "flake": false,
      "locked": {
        "lastModified": 1671305287,
        "narHash": "sha256-yqI3cPWZcAFcgyzjm3VR04msHfXHOPNO8DKqo3ydLK8=",
        "owner": "kittywitch",
        "repo": "nixfiles",
        "rev": "e4bd7ee5e6643b898af632f6ae36065bd8c100bf",
        "type": "github"
      },
      "original": {
        "owner": "kittywitch",
        "repo": "nixfiles",
        "type": "github"
      }
    },
    "nixos-vscode-server": {
      "flake": false,
      "locked": {
        "lastModified": 1662442857,
        "narHash": "sha256-e2ex4mO4q6UBoJvPSRdYBX1vIvpulqs6SNxvdSsL6uE=",
        "owner": "msteen",
        "repo": "nixos-vscode-server",
        "rev": "c54b714db58ad05d064f394d6603751ee6bd04f6",
        "type": "github"
      },
      "original": {
        "owner": "msteen",
        "repo": "nixos-vscode-server",
        "type": "github"
      }
    },
    "nixos-wsl": {
      "inputs": {
        "flake-compat": "flake-compat",
        "flake-utils": "flake-utils_2",
        "nixpkgs": [
          "nixpkgs"
        ]
      },
      "locked": {
        "lastModified": 1673339198,
        "narHash": "sha256-5EAIJq89sTFooJ5vhsnaw7mDtKVDICvCv2ul7+BXAgA=",
        "owner": "nix-community",
        "repo": "NixOS-WSL",
        "rev": "217178edb1127fb41ac4fd534d8a513c3dd3d81b",
        "type": "github"
      },
      "original": {
        "owner": "nix-community",
        "repo": "NixOS-WSL",
        "type": "github"
      }
    },
    "nixpkgs": {
      "locked": {
        "lastModified": 1673450908,
        "narHash": "sha256-b8em+kwrNtnB7gR8SyVf6WuTyQ+6tHS6dzt9D9wgKF0=",
        "owner": "NixOS",
        "repo": "nixpkgs",
        "rev": "6c8644fc37b6e141cbfa6c7dc8d98846c4ff0c2e",
        "type": "github"
      },
      "original": {
        "id": "nixpkgs",
        "ref": "nixos-unstable",
        "type": "indirect"
      }
    },
    "ragenix": {
      "inputs": {
        "agenix": "agenix",
        "flake-utils": "flake-utils_3",
        "nixpkgs": [
          "nixpkgs"
        ],
        "rust-overlay": "rust-overlay"
      },
      "locked": {
        "lastModified": 1672569413,
        "narHash": "sha256-WedPMfZ3rPTkxMrvvpMjYaZntlbfilJly9Vaf2fGuAI=",
        "owner": "yaxitech",
        "repo": "ragenix",
        "rev": "2cc694606c3eec2ce073892f8ea13d5f3def8217",
        "type": "github"
      },
      "original": {
        "owner": "yaxitech",
        "repo": "ragenix",
        "type": "github"
      }
    },
    "root": {
      "inputs": {
        "arcexprs": "arcexprs",
        "flake-utils": "flake-utils",
        "home-manager": "home-manager",
        "impermanence": "impermanence",
        "kw-nixfiles": "kw-nixfiles",
        "nixos-vscode-server": "nixos-vscode-server",
        "nixos-wsl": "nixos-wsl",
        "nixpkgs": "nixpkgs",
        "ragenix": "ragenix"
      }
    },
    "rust-overlay": {
      "inputs": {
        "flake-utils": [
          "ragenix",
          "flake-utils"
        ],
        "nixpkgs": [
          "ragenix",
          "nixpkgs"
        ]
      },
      "locked": {
        "lastModified": 1672453260,
        "narHash": "sha256-ruR2xo30Vn7kY2hAgg2Z2xrCvNePxck6mgR5a8u+zow=",
        "owner": "oxalica",
        "repo": "rust-overlay",
        "rev": "176b6fd3dd3d7cea8d22ab1131364a050228d94c",
        "type": "github"
      },
      "original": {
        "owner": "oxalica",
        "repo": "rust-overlay",
        "type": "github"
      }
    },
    "utils": {
      "locked": {
        "lastModified": 1667395993,
        "narHash": "sha256-nuEHfE/LcWyuSWnS8t12N1wc105Qtau+/OdUAjtQ0rA=",
        "owner": "numtide",
        "repo": "flake-utils",
        "rev": "5aed5285a952e0b949eb3ba02c12fa4fcfef535f",
        "type": "github"
      },
      "original": {
        "owner": "numtide",
        "repo": "flake-utils",
        "type": "github"
      }
    }
  },
  "root": "root",
  "version": 7
}
